
Microsoft Visual Studio Solution File, Format Version 12.00
# Visual Studio Version 17
VisualStudioVersion = 17.2.32630.192
MinimumVisualStudioVersion = 10.0.40219.1
Project("{2150E333-8FDC-42A3-9474-1A3956D46DE8}") = "Testing", "Testing", "{0958590A-7C76-4CB4-9D2C-F9E46AF512AC}"
EndProject
Project("{9A19103F-16F7-4668-BE54-9A1E7A4F7556}") = "SFA.DAS.TrackProgress.Jobs.MockServer", "SFA.DAS.TrackProgress.Jobs.MockServer\SFA.DAS.TrackProgress.Jobs.MockServer.csproj", "{CA284AB6-F9F4-4C37-A903-0FCF5C5AB48E}"
EndProject
Project("{9A19103F-16F7-4668-BE54-9A1E7A4F7556}") = "SFA.DAS.TrackProgress.Jobs", "SFA.DAS.TrackProgress.Jobs\SFA.DAS.TrackProgress.Jobs.csproj", "{A2460B81-D713-4872-800B-423890938286}"
EndProject
Project("{9A19103F-16F7-4668-BE54-9A1E7A4F7556}") = "SFA.DAS.TrackProgress.Jobs.Tests", "SFA.DAS.TrackProgress.Jobs.Tests\SFA.DAS.TrackProgress.Jobs.Tests.csproj", "{F7DBE1D0-E073-4C8C-89B7-14C6F1A92520}"
EndProject
Project("{9A19103F-16F7-4668-BE54-9A1E7A4F7556}") = "SFA.DAS.TrackProgress.TestMessagePublisher", "SFA.DAS.TrackProgress.TestMessagePublisher\SFA.DAS.TrackProgress.TestMessagePublisher.csproj", "{9F45231C-857B-481B-8BEE-325E374B7846}"
EndProject
Global
	GlobalSection(SolutionConfigurationPlatforms) = preSolution
		Debug|Any CPU = Debug|Any CPU
		Release|Any CPU = Release|Any CPU
	EndGlobalSection
	GlobalSection(ProjectConfigurationPlatforms) = postSolution
		{CA284AB6-F9F4-4C37-A903-0FCF5C5AB48E}.Debug|Any CPU.ActiveCfg = Debug|Any CPU
		{CA284AB6-F9F4-4C37-A903-0FCF5C5AB48E}.Debug|Any CPU.Build.0 = Debug|Any CPU
		{CA284AB6-F9F4-4C37-A903-0FCF5C5AB48E}.Release|Any CPU.ActiveCfg = Release|Any CPU
		{CA284AB6-F9F4-4C37-A903-0FCF5C5AB48E}.Release|Any CPU.Build.0 = Release|Any CPU
		{A2460B81-D713-4872-800B-423890938286}.Debug|Any CPU.ActiveCfg = Debug|Any CPU
		{A2460B81-D713-4872-800B-423890938286}.Debug|Any CPU.Build.0 = Debug|Any CPU
		{A2460B81-D713-4872-800B-423890938286}.Release|Any CPU.ActiveCfg = Release|Any CPU
		{A2460B81-D713-4872-800B-423890938286}.Release|Any CPU.Build.0 = Release|Any CPU
		{F7DBE1D0-E073-4C8C-89B7-14C6F1A92520}.Debug|Any CPU.ActiveCfg = Debug|Any CPU
		{F7DBE1D0-E073-4C8C-89B7-14C6F1A92520}.Debug|Any CPU.Build.0 = Debug|Any CPU
		{F7DBE1D0-E073-4C8C-89B7-14C6F1A92520}.Release|Any CPU.ActiveCfg = Release|Any CPU
		{F7DBE1D0-E073-4C8C-89B7-14C6F1A92520}.Release|Any CPU.Build.0 = Release|Any CPU
		{9F45231C-857B-481B-8BEE-325E374B7846}.Debug|Any CPU.ActiveCfg = Debug|Any CPU
		{9F45231C-857B-481B-8BEE-325E374B7846}.Debug|Any CPU.Build.0 = Debug|Any CPU
		{9F45231C-857B-481B-8BEE-325E374B7846}.Release|Any CPU.ActiveCfg = Release|Any CPU
		{9F45231C-857B-481B-8BEE-325E374B7846}.Release|Any CPU.Build.0 = Release|Any CPU
	EndGlobalSection
	GlobalSection(SolutionProperties) = preSolution
		HideSolutionNode = FALSE
	EndGlobalSection
	GlobalSection(NestedProjects) = preSolution
		{CA284AB6-F9F4-4C37-A903-0FCF5C5AB48E} = {0958590A-7C76-4CB4-9D2C-F9E46AF512AC}
		{F7DBE1D0-E073-4C8C-89B7-14C6F1A92520} = {0958590A-7C76-4CB4-9D2C-F9E46AF512AC}
		{9F45231C-857B-481B-8BEE-325E374B7846} = {0958590A-7C76-4CB4-9D2C-F9E46AF512AC}
	EndGlobalSection
	GlobalSection(ExtensibilityGlobals) = postSolution
		SolutionGuid = {0FBCFA61-0579-4AAB-9441-936F1AE7D55C}
	EndGlobalSection
EndGlobal
